<?xml version="1.0" encoding="utf-8"?>
<Project ToolsVersion="4.0" xmlns="http://schemas.microsoft.com/developer/msbuild/2003">
  <ItemGroup>
    <ClCompile Include="LibSQLite.cpp">
      <Filter>소스 파일</Filter>
    </ClCompile>
    <ClCompile Include="sqlite3.c">
      <Filter>소스 파일</Filter>
    </ClCompile>
  </ItemGroup>
  <ItemGroup>
    <ClInclude Include="LibSQLite.h">
      <Filter>헤더 파일</Filter>
    </ClInclude>
    <ClInclude Include="sqlite3.h">
      <Filter>헤더 파일</Filter>
    </ClInclude>
    <ClInclude Include="sqlite3ext.h">
      <Filter>헤더 파일</Filter>
    </ClInclude>
  </ItemGroup>
  <ItemGroup>
    <Filter Include="소스 파일">
      <UniqueIdentifier>{bbd7044b-7d8b-4c5a-b36e-791dff7552d3}</UniqueIdentifier>
    </Filter>
    <Filter Include="헤더 파일">
      <UniqueIdentifier>{001e2464-8240-4211-aaf1-c1104e99dfe0}</UniqueIdentifier>
    </Filter>
  </ItemGroup>
</Project>